
Microsoft Visual Studio Solution File, Format Version 12.00
# Visual Studio Version 17
VisualStudioVersion = 17.11.35222.181
MinimumVisualStudioVersion = 10.0.40219.1
Project("{8BC9CEB8-8B4A-11D0-8D11-00A0C91BC942}") = "Project2", "Project2.vcxproj", "{2FB6FF50-E5DC-4A29-8D47-61C23449E555}"
EndProject
Global
	GlobalSection(SolutionConfigurationPlatforms) = preSolution
		Debug|x64 = Debug|x64
		Debug|x86 = Debug|x86
		Release|x64 = Release|x64
		Release|x86 = Release|x86
	EndGlobalSection
	GlobalSection(ProjectConfigurationPlatforms) = postSolution
		{2FB6FF50-E5DC-4A29-8D47-61C23449E555}.Debug|x64.ActiveCfg = Debug|x64
		{2FB6FF50-E5DC-4A29-8D47-61C23449E555}.Debug|x64.Build.0 = Debug|x64
		{2FB6FF50-E5DC-4A29-8D47-61C23449E555}.Debug|x86.ActiveCfg = Debug|Win32
		{2FB6FF50-E5DC-4A29-8D47-61C23449E555}.Debug|x86.Build.0 = Debug|Win32
		{2FB6FF50-E5DC-4A29-8D47-61C23449E555}.Release|x64.ActiveCfg = Release|x64
		{2FB6FF50-E5DC-4A29-8D47-61C23449E555}.Release|x64.Build.0 = Release|x64
		{2FB6FF50-E5DC-4A29-8D47-61C23449E555}.Release|x86.ActiveCfg = Release|Win32
		{2FB6FF50-E5DC-4A29-8D47-61C23449E555}.Release|x86.Build.0 = Release|Win32
	EndGlobalSection
	GlobalSection(SolutionProperties) = preSolution
		HideSolutionNode = FALSE
	EndGlobalSection
	GlobalSection(ExtensibilityGlobals) = postSolution
		SolutionGuid = {C97EE81D-C74C-4C95-A1FF-BED30658B878}
	EndGlobalSection
EndGlobal
